{
  "pins" : [
    {
      "identity" : "debugsettings",
      "kind" : "remoteSourceControl",
      "location" : "https://github.com/wangzhizhou/DebugSettings.git",
      "state" : {
        "branch" : "main",
        "revision" : "8dcdca9b3578c34fb7915cca2358f8c1037634bf"
      }
    },
    {
      "identity" : "snapkit",
      "kind" : "remoteSourceControl",
      "location" : "https://github.com/SnapKit/SnapKit.git",
      "state" : {
        "revision" : "f222cbdf325885926566172f6f5f06af95473158",
        "version" : "5.6.0"
      }
    },
    {
      "identity" : "toast-swift",
      "kind" : "remoteSourceControl",
      "location" : "https://github.com/scalessec/Toast-Swift.git",
      "state" : {
        "revision" : "0c9493eeacb102cc614da385cfaaf475379f4ab4",
        "version" : "5.0.1"
      }
    }
  ],
  "version" : 2
}
