PODS:
  - DebugSettings/Core (0.1.1):
    - DebugSettings/OCBridge
    - DebugSettings/Persistence
  - DebugSettings/DebugTools (0.1.1):
    - DebugSettings/OCBridge
    - DebugSettings/Utils
    - FLEX
    - LookinServer
  - DebugSettings/DemoPages (0.1.1):
    - DebugSettings/Core
    - DebugSettings/DebugTools
  - DebugSettings/OCBridge (0.1.1)
  - DebugSettings/Persistence (0.1.1)
  - DebugSettings/Utils (0.1.1):
    - SnapKit (~> 5.0.0)
    - Toast-Swift (~> 5.1.0)
  - FLEX (5.22.10)
  - LookinServer (1.2.7):
    - LookinServer/Core (= 1.2.7)
  - LookinServer/Core (1.2.7)
  - SnapKit (5.0.1)
  - Toast-Swift (5.1.0)

DEPENDENCIES:
  - DebugSettings/DemoPages (from `../../DebugSettings.podspec`)

SPEC REPOS:
  trunk:
    - FLEX
    - LookinServer
    - SnapKit
    - Toast-Swift

EXTERNAL SOURCES:
  DebugSettings:
    :path: "../../DebugSettings.podspec"

SPEC CHECKSUMS:
  DebugSettings: b9d95a84d6496fadae0e7e19fc26f4efa717afe4
  FLEX: f21ee4f498eed3f8a1eded66b21939fd3b7a22ce
  LookinServer: 36f1a0ad280de34b9794cf8825867fcc2dd93e75
  SnapKit: 97b92857e3df3a0c71833cce143274bf6ef8e5eb
  Toast-Swift: dd369e68ee529f542c65bd0d0c6c50cd743cf6f2

PODFILE CHECKSUM: 256ccf44d2cd24cae55722d6bab663ac7fc9fd99

COCOAPODS: 1.14.3
