PODS:
  - DebugSettings (0.0.1):
    - DebugSettings/Core (= 0.0.1)
  - DebugSettings/Core (0.0.1):
    - DebugSettings/DebugTools
  - DebugSettings/DebugTools (0.0.1):
    - DebugSettings/OCBridge
    - DebugSettings/Utils
  - DebugSettings/OCBridge (0.0.1)
  - DebugSettings/Utils (0.0.1):
    - SnapKit (~> 5.0.0)
    - Toast-Swift (~> 5.0.1)
  - LookinServer (1.1.5):
    - LookinServer/Core (= 1.1.5)
  - LookinServer/Core (1.1.5)
  - SnapKit (5.0.1)
  - Toast-Swift (5.0.1)

DEPENDENCIES:
  - DebugSettings (from `../../DebugSettings.podspec`)
  - LookinServer

SPEC REPOS:
  trunk:
    - LookinServer
    - SnapKit
    - Toast-Swift

EXTERNAL SOURCES:
  DebugSettings:
    :path: "../../DebugSettings.podspec"

SPEC CHECKSUMS:
  DebugSettings: 77b73107de18519d341def2ccd289ae1369d1b73
  LookinServer: 2893f2bae53cbf3fd49bbe1a8ea1745582ef1317
  SnapKit: 97b92857e3df3a0c71833cce143274bf6ef8e5eb
  Toast-Swift: 9b6a70f28b3bf0b96c40d46c0c4b9d6639846711

PODFILE CHECKSUM: 78e594832da52e9e66c677a94195afb7addb05e0

COCOAPODS: 1.11.3
